
Microsoft Visual Studio Solution File, Format Version 12.00
# Visual Studio Version 17
VisualStudioVersion = 17.5.2.0
MinimumVisualStudioVersion = 10.0.40219.1
Project("{2150E333-8FDC-42A3-9474-1A3956D46DE8}") = "api", "api", "{D82C56D6-B2CD-F611-9E31-04638F7EC30E}"
EndProject
Project("{FAE04EC0-301F-11D3-BF4B-00C04F79EFBC}") = "CodeBook.Api", "api\CodeBook.Api\CodeBook.Api.csproj", "{4BDCCF4A-2372-346E-F892-834F5E501880}"
EndProject
Project("{FAE04EC0-301F-11D3-BF4B-00C04F79EFBC}") = "CodeBook.Identity", "api\CodeBook.Identity\CodeBook.Identity.csproj", "{FB71DF4D-864E-4B11-813D-34C5C094FE59}"
EndProject
Global
	GlobalSection(SolutionConfigurationPlatforms) = preSolution
		Debug|Any CPU = Debug|Any CPU
		Debug|x64 = Debug|x64
		Debug|x86 = Debug|x86
		Release|Any CPU = Release|Any CPU
		Release|x64 = Release|x64
		Release|x86 = Release|x86
	EndGlobalSection
	GlobalSection(ProjectConfigurationPlatforms) = postSolution
		{4BDCCF4A-2372-346E-F892-834F5E501880}.Debug|Any CPU.ActiveCfg = Debug|Any CPU
		{4BDCCF4A-2372-346E-F892-834F5E501880}.Debug|Any CPU.Build.0 = Debug|Any CPU
		{4BDCCF4A-2372-346E-F892-834F5E501880}.Debug|x64.ActiveCfg = Debug|Any CPU
		{4BDCCF4A-2372-346E-F892-834F5E501880}.Debug|x64.Build.0 = Debug|Any CPU
		{4BDCCF4A-2372-346E-F892-834F5E501880}.Debug|x86.ActiveCfg = Debug|Any CPU
		{4BDCCF4A-2372-346E-F892-834F5E501880}.Debug|x86.Build.0 = Debug|Any CPU
		{4BDCCF4A-2372-346E-F892-834F5E501880}.Release|Any CPU.ActiveCfg = Release|Any CPU
		{4BDCCF4A-2372-346E-F892-834F5E501880}.Release|Any CPU.Build.0 = Release|Any CPU
		{4BDCCF4A-2372-346E-F892-834F5E501880}.Release|x64.ActiveCfg = Release|Any CPU
		{4BDCCF4A-2372-346E-F892-834F5E501880}.Release|x64.Build.0 = Release|Any CPU
		{4BDCCF4A-2372-346E-F892-834F5E501880}.Release|x86.ActiveCfg = Release|Any CPU
		{4BDCCF4A-2372-346E-F892-834F5E501880}.Release|x86.Build.0 = Release|Any CPU
		{FB71DF4D-864E-4B11-813D-34C5C094FE59}.Debug|Any CPU.ActiveCfg = Debug|Any CPU
		{FB71DF4D-864E-4B11-813D-34C5C094FE59}.Debug|Any CPU.Build.0 = Debug|Any CPU
		{FB71DF4D-864E-4B11-813D-34C5C094FE59}.Debug|x64.ActiveCfg = Debug|Any CPU
		{FB71DF4D-864E-4B11-813D-34C5C094FE59}.Debug|x64.Build.0 = Debug|Any CPU
		{FB71DF4D-864E-4B11-813D-34C5C094FE59}.Debug|x86.ActiveCfg = Debug|Any CPU
		{FB71DF4D-864E-4B11-813D-34C5C094FE59}.Debug|x86.Build.0 = Debug|Any CPU
		{FB71DF4D-864E-4B11-813D-34C5C094FE59}.Release|Any CPU.ActiveCfg = Release|Any CPU
		{FB71DF4D-864E-4B11-813D-34C5C094FE59}.Release|Any CPU.Build.0 = Release|Any CPU
		{FB71DF4D-864E-4B11-813D-34C5C094FE59}.Release|x64.ActiveCfg = Release|Any CPU
		{FB71DF4D-864E-4B11-813D-34C5C094FE59}.Release|x64.Build.0 = Release|Any CPU
		{FB71DF4D-864E-4B11-813D-34C5C094FE59}.Release|x86.ActiveCfg = Release|Any CPU
		{FB71DF4D-864E-4B11-813D-34C5C094FE59}.Release|x86.Build.0 = Release|Any CPU
	EndGlobalSection
	GlobalSection(SolutionProperties) = preSolution
		HideSolutionNode = FALSE
	EndGlobalSection
	GlobalSection(NestedProjects) = preSolution
		{4BDCCF4A-2372-346E-F892-834F5E501880} = {D82C56D6-B2CD-F611-9E31-04638F7EC30E}
		{FB71DF4D-864E-4B11-813D-34C5C094FE59} = {D82C56D6-B2CD-F611-9E31-04638F7EC30E}
	EndGlobalSection
	GlobalSection(ExtensibilityGlobals) = postSolution
		SolutionGuid = {42ABE2B5-1607-48BA-B0AF-3E6069AA25CE}
	EndGlobalSection
EndGlobal
